// !$*UTF8*$!
{
	archiveVersion = 1;
	classes = {
	};
	objectVersion = 50;
	objects = {

/* Begin PBXBuildFile section */
		6F11009F26DE3E89005C006F /* HourlyCollectionViewCell.swift in Sources */ = {isa = PBXBuildFile; fileRef = 6F11009E26DE3E89005C006F /* HourlyCollectionViewCell.swift */; };
		6F1BD10D26E2A2C700CDB214 /* WeatherManager.swift in Sources */ = {isa = PBXBuildFile; fileRef = 6F1BD10C26E2A2C700CDB214 /* WeatherManager.swift */; };
		6F1BD98D26DD81FE00F779E2 /* DailyTableViewCell.swift in Sources */ = {isa = PBXBuildFile; fileRef = 6F1BD98C26DD81FE00F779E2 /* DailyTableViewCell.swift */; };
		6F1F1A3726DF515000DD78D9 /* WeatherModel.swift in Sources */ = {isa = PBXBuildFile; fileRef = 6F1F1A3426DF515000DD78D9 /* WeatherModel.swift */; };
		6F1F1A3826DF515000DD78D9 /* WeatherData.swift in Sources */ = {isa = PBXBuildFile; fileRef = 6F1F1A3526DF515000DD78D9 /* WeatherData.swift */; };
		6F6EC66426CC2A8B006D096E /* AppDelegate.swift in Sources */ = {isa = PBXBuildFile; fileRef = 6F6EC66326CC2A8B006D096E /* AppDelegate.swift */; };
		6F6EC66626CC2A8B006D096E /* SceneDelegate.swift in Sources */ = {isa = PBXBuildFile; fileRef = 6F6EC66526CC2A8B006D096E /* SceneDelegate.swift */; };
		6F6EC66826CC2A8B006D096E /* WeatherViewController.swift in Sources */ = {isa = PBXBuildFile; fileRef = 6F6EC66726CC2A8B006D096E /* WeatherViewController.swift */; };
		6F6EC66B26CC2A8B006D096E /* Main.storyboard in Resources */ = {isa = PBXBuildFile; fileRef = 6F6EC66926CC2A8B006D096E /* Main.storyboard */; };
		6FF3726226E82FC2002B85D0 /* Assets.xcassets in Resources */ = {isa = PBXBuildFile; fileRef = 6FF3726126E82FC2002B85D0 /* Assets.xcassets */; };
/* End PBXBuildFile section */

/* Begin PBXFileReference section */
		6F11009E26DE3E89005C006F /* HourlyCollectionViewCell.swift */ = {isa = PBXFileReference; lastKnownFileType = sourcecode.swift; path = HourlyCollectionViewCell.swift; sourceTree = "<group>"; };
		6F1BD10C26E2A2C700CDB214 /* WeatherManager.swift */ = {isa = PBXFileReference; fileEncoding = 4; lastKnownFileType = sourcecode.swift; path = WeatherManager.swift; sourceTree = "<group>"; };
		6F1BD98C26DD81FE00F779E2 /* DailyTableViewCell.swift */ = {isa = PBXFileReference; lastKnownFileType = sourcecode.swift; path = DailyTableViewCell.swift; sourceTree = "<group>"; };
		6F1F1A3426DF515000DD78D9 /* WeatherModel.swift */ = {isa = PBXFileReference; fileEncoding = 4; lastKnownFileType = sourcecode.swift; path = WeatherModel.swift; sourceTree = "<group>"; };
		6F1F1A3526DF515000DD78D9 /* WeatherData.swift */ = {isa = PBXFileReference; fileEncoding = 4; lastKnownFileType = sourcecode.swift; path = WeatherData.swift; sourceTree = "<group>"; };
		6F6EC66026CC2A8A006D096E /* iCloudsWeather.app */ = {isa = PBXFileReference; explicitFileType = wrapper.application; includeInIndex = 0; path = iCloudsWeather.app; sourceTree = BUILT_PRODUCTS_DIR; };
		6F6EC66326CC2A8B006D096E /* AppDelegate.swift */ = {isa = PBXFileReference; lastKnownFileType = sourcecode.swift; path = AppDelegate.swift; sourceTree = "<group>"; };
		6F6EC66526CC2A8B006D096E /* SceneDelegate.swift */ = {isa = PBXFileReference; lastKnownFileType = sourcecode.swift; path = SceneDelegate.swift; sourceTree = "<group>"; };
		6F6EC66726CC2A8B006D096E /* WeatherViewController.swift */ = {isa = PBXFileReference; lastKnownFileType = sourcecode.swift; path = WeatherViewController.swift; sourceTree = "<group>"; };
		6F6EC66A26CC2A8B006D096E /* Base */ = {isa = PBXFileReference; lastKnownFileType = file.storyboard; name = Base; path = Base.lproj/Main.storyboard; sourceTree = "<group>"; };
		6F6EC67126CC2A8F006D096E /* Info.plist */ = {isa = PBXFileReference; lastKnownFileType = text.plist.xml; path = Info.plist; sourceTree = "<group>"; };
		6FF3726126E82FC2002B85D0 /* Assets.xcassets */ = {isa = PBXFileReference; lastKnownFileType = folder.assetcatalog; path = Assets.xcassets; sourceTree = "<group>"; };
/* End PBXFileReference section */

/* Begin PBXFrameworksBuildPhase section */
		6F6EC65D26CC2A8A006D096E /* Frameworks */ = {
			isa = PBXFrameworksBuildPhase;
			buildActionMask = 2147483647;
			files = (
			);
			runOnlyForDeploymentPostprocessing = 0;
		};
/* End PBXFrameworksBuildPhase section */

/* Begin PBXGroup section */
		6F4C1E2B26D45870004F9B5D /* Controllers */ = {
			isa = PBXGroup;
			children = (
				6F6EC66726CC2A8B006D096E /* WeatherViewController.swift */,
				6F6DE23D26DD8BE300E4544B /* Cell */,
			);
			path = Controllers;
			sourceTree = "<group>";
		};
		6F4C1E2E26D458E1004F9B5D /* Views */ = {
			isa = PBXGroup;
			children = (
				6F6EC66926CC2A8B006D096E /* Main.storyboard */,
			);
			path = Views;
			sourceTree = "<group>";
		};
		6F4C1E2F26D46B67004F9B5D /* Model */ = {
			isa = PBXGroup;
			children = (
				6F1F1A3526DF515000DD78D9 /* WeatherData.swift */,
				6F1F1A3426DF515000DD78D9 /* WeatherModel.swift */,
				6F1BD10C26E2A2C700CDB214 /* WeatherManager.swift */,
			);
			path = Model;
			sourceTree = "<group>";
		};
		6F6DE23D26DD8BE300E4544B /* Cell */ = {
			isa = PBXGroup;
			children = (
				6F1BD98C26DD81FE00F779E2 /* DailyTableViewCell.swift */,
				6F11009E26DE3E89005C006F /* HourlyCollectionViewCell.swift */,
			);
			path = Cell;
			sourceTree = "<group>";
		};
		6F6EC65726CC2A8A006D096E = {
			isa = PBXGroup;
			children = (
				6F6EC66226CC2A8A006D096E /* iCloudsWeather */,
				6F6EC66126CC2A8A006D096E /* Products */,
			);
			sourceTree = "<group>";
		};
		6F6EC66126CC2A8A006D096E /* Products */ = {
			isa = PBXGroup;
			children = (
				6F6EC66026CC2A8A006D096E /* iCloudsWeather.app */,
			);
			name = Products;
			sourceTree = "<group>";
		};
		6F6EC66226CC2A8A006D096E /* iCloudsWeather */ = {
			isa = PBXGroup;
			children = (
				6F6EC66326CC2A8B006D096E /* AppDelegate.swift */,
				6F6EC66526CC2A8B006D096E /* SceneDelegate.swift */,
				6FF3726126E82FC2002B85D0 /* Assets.xcassets */,
				6F4C1E2F26D46B67004F9B5D /* Model */,
				6F4C1E2E26D458E1004F9B5D /* Views */,
				6F4C1E2B26D45870004F9B5D /* Controllers */,
				6F6EC67126CC2A8F006D096E /* Info.plist */,
			);
			path = iCloudsWeather;
			sourceTree = "<group>";
		};
/* End PBXGroup section */

/* Begin PBXNativeTarget section */
		6F6EC65F26CC2A8A006D096E /* iCloudsWeather */ = {
			isa = PBXNativeTarget;
			buildConfigurationList = 6F6EC67426CC2A8F006D096E /* Build configuration list for PBXNativeTarget "iCloudsWeather" */;
			buildPhases = (
				6F6EC65C26CC2A8A006D096E /* Sources */,
				6F6EC65D26CC2A8A006D096E /* Frameworks */,
				6F6EC65E26CC2A8A006D096E /* Resources */,
			);
			buildRules = (
			);
			dependencies = (
			);
			name = iCloudsWeather;
			productName = iCloudsWeather;
			productReference = 6F6EC66026CC2A8A006D096E /* iCloudsWeather.app */;
			productType = "com.apple.product-type.application";
		};
/* End PBXNativeTarget section */

/* Begin PBXProject section */
		6F6EC65826CC2A8A006D096E /* Project object */ = {
			isa = PBXProject;
			attributes = {
				LastSwiftUpdateCheck = 1250;
				LastUpgradeCheck = 1250;
				TargetAttributes = {
					6F6EC65F26CC2A8A006D096E = {
						CreatedOnToolsVersion = 12.5.1;
					};
				};
			};
			buildConfigurationList = 6F6EC65B26CC2A8A006D096E /* Build configuration list for PBXProject "iCloudsWeather" */;
			compatibilityVersion = "Xcode 9.3";
			developmentRegion = en;
			hasScannedForEncodings = 0;
			knownRegions = (
				en,
				Base,
			);
			mainGroup = 6F6EC65726CC2A8A006D096E;
			productRefGroup = 6F6EC66126CC2A8A006D096E /* Products */;
			projectDirPath = "";
			projectRoot = "";
			targets = (
				6F6EC65F26CC2A8A006D096E /* iCloudsWeather */,
			);
		};
/* End PBXProject section */

/* Begin PBXResourcesBuildPhase section */
		6F6EC65E26CC2A8A006D096E /* Resources */ = {
			isa = PBXResourcesBuildPhase;
			buildActionMask = 2147483647;
			files = (
				6FF3726226E82FC2002B85D0 /* Assets.xcassets in Resources */,
				6F6EC66B26CC2A8B006D096E /* Main.storyboard in Resources */,
			);
			runOnlyForDeploymentPostprocessing = 0;
		};
/* End PBXResourcesBuildPhase section */

/* Begin PBXSourcesBuildPhase section */
		6F6EC65C26CC2A8A006D096E /* Sources */ = {
			isa = PBXSourcesBuildPhase;
			buildActionMask = 2147483647;
			files = (
				6F1BD98D26DD81FE00F779E2 /* DailyTableViewCell.swift in Sources */,
				6F6EC66826CC2A8B006D096E /* WeatherViewController.swift in Sources */,
				6F6EC66426CC2A8B006D096E /* AppDelegate.swift in Sources */,
				6F1BD10D26E2A2C700CDB214 /* WeatherManager.swift in Sources */,
				6F6EC66626CC2A8B006D096E /* SceneDelegate.swift in Sources */,
				6F11009F26DE3E89005C006F /* HourlyCollectionViewCell.swift in Sources */,
				6F1F1A3826DF515000DD78D9 /* WeatherData.swift in Sources */,
				6F1F1A3726DF515000DD78D9 /* WeatherModel.swift in Sources */,
			);
			runOnlyForDeploymentPostprocessing = 0;
		};
/* End PBXSourcesBuildPhase section */

/* Begin PBXVariantGroup section */
		6F6EC66926CC2A8B006D096E /* Main.storyboard */ = {
			isa = PBXVariantGroup;
			children = (
				6F6EC66A26CC2A8B006D096E /* Base */,
			);
			name = Main.storyboard;
			sourceTree = "<group>";
		};
/* End PBXVariantGroup section */

/* Begin XCBuildConfiguration section */
		6F6EC67226CC2A8F006D096E /* Debug */ = {
			isa = XCBuildConfiguration;
			buildSettings = {
				ALWAYS_SEARCH_USER_PATHS = NO;
				CLANG_ANALYZER_NONNULL = YES;
				CLANG_ANALYZER_NUMBER_OBJECT_CONVERSION = YES_AGGRESSIVE;
				CLANG_CXX_LANGUAGE_STANDARD = "gnu++14";
				CLANG_CXX_LIBRARY = "libc++";
				CLANG_ENABLE_MODULES = YES;
				CLANG_ENABLE_OBJC_ARC = YES;
				CLANG_ENABLE_OBJC_WEAK = YES;
				CLANG_WARN_BLOCK_CAPTURE_AUTORELEASING = YES;
				CLANG_WARN_BOOL_CONVERSION = YES;
				CLANG_WARN_COMMA = YES;
				CLANG_WARN_CONSTANT_CONVERSION = YES;
				CLANG_WARN_DEPRECATED_OBJC_IMPLEMENTATIONS = YES;
				CLANG_WARN_DIRECT_OBJC_ISA_USAGE = YES_ERROR;
				CLANG_WARN_DOCUMENTATION_COMMENTS = YES;
				CLANG_WARN_EMPTY_BODY = YES;
				CLANG_WARN_ENUM_CONVERSION = YES;
				CLANG_WARN_INFINITE_RECURSION = YES;
				CLANG_WARN_INT_CONVERSION = YES;
				CLANG_WARN_NON_LITERAL_NULL_CONVERSION = YES;
				CLANG_WARN_OBJC_IMPLICIT_RETAIN_SELF = YES;
				CLANG_WARN_OBJC_LITERAL_CONVERSION = YES;
				CLANG_WARN_OBJC_ROOT_CLASS = YES_ERROR;
				CLANG_WARN_QUOTED_INCLUDE_IN_FRAMEWORK_HEADER = YES;
				CLANG_WARN_RANGE_LOOP_ANALYSIS = YES;
				CLANG_WARN_STRICT_PROTOTYPES = YES;
				CLANG_WARN_SUSPICIOUS_MOVE = YES;
				CLANG_WARN_UNGUARDED_AVAILABILITY = YES_AGGRESSIVE;
				CLANG_WARN_UNREACHABLE_CODE = YES;
				CLANG_WARN__DUPLICATE_METHOD_MATCH = YES;
				COPY_PHASE_STRIP = NO;
				DEBUG_INFORMATION_FORMAT = dwarf;
				ENABLE_STRICT_OBJC_MSGSEND = YES;
				ENABLE_TESTABILITY = YES;
				GCC_C_LANGUAGE_STANDARD = gnu11;
				GCC_DYNAMIC_NO_PIC = NO;
				GCC_NO_COMMON_BLOCKS = YES;
				GCC_OPTIMIZATION_LEVEL = 0;
				GCC_PREPROCESSOR_DEFINITIONS = (
					"DEBUG=1",
					"$(inherited)",
				);
				GCC_WARN_64_TO_32_BIT_CONVERSION = YES;
				GCC_WARN_ABOUT_RETURN_TYPE = YES_ERROR;
				GCC_WARN_UNDECLARED_SELECTOR = YES;
				GCC_WARN_UNINITIALIZED_AUTOS = YES_AGGRESSIVE;
				GCC_WARN_UNUSED_FUNCTION = YES;
				GCC_WARN_UNUSED_VARIABLE = YES;
				IPHONEOS_DEPLOYMENT_TARGET = 14.5;
				MTL_ENABLE_DEBUG_INFO = INCLUDE_SOURCE;
				MTL_FAST_MATH = YES;
				ONLY_ACTIVE_ARCH = YES;
				SDKROOT = iphoneos;
				SWIFT_ACTIVE_COMPILATION_CONDITIONS = DEBUG;
				SWIFT_OPTIMIZATION_LEVEL = "-Onone";
			};
			name = Debug;
		};
		6F6EC67326CC2A8F006D096E /* Release */ = {
			isa = XCBuildConfiguration;
			buildSettings = {
				ALWAYS_SEARCH_USER_PATHS = NO;
				CLANG_ANALYZER_NONNULL = YES;
				CLANG_ANALYZER_NUMBER_OBJECT_CONVERSION = YES_AGGRESSIVE;
				CLANG_CXX_LANGUAGE_STANDARD = "gnu++14";
				CLANG_CXX_LIBRARY = "libc++";
				CLANG_ENABLE_MODULES = YES;
				CLANG_ENABLE_OBJC_ARC = YES;
				CLANG_ENABLE_OBJC_WEAK = YES;
				CLANG_WARN_BLOCK_CAPTURE_AUTORELEASING = YES;
				CLANG_WARN_BOOL_CONVERSION = YES;
				CLANG_WARN_COMMA = YES;
				CLANG_WARN_CONSTANT_CONVERSION = YES;
				CLANG_WARN_DEPRECATED_OBJC_IMPLEMENTATIONS = YES;
				CLANG_WARN_DIRECT_OBJC_ISA_USAGE = YES_ERROR;
				CLANG_WARN_DOCUMENTATION_COMMENTS = YES;
				CLANG_WARN_EMPTY_BODY = YES;
				CLANG_WARN_ENUM_CONVERSION = YES;
				CLANG_WARN_INFINITE_RECURSION = YES;
				CLANG_WARN_INT_CONVERSION = YES;
				CLANG_WARN_NON_LITERAL_NULL_CONVERSION = YES;
				CLANG_WARN_OBJC_IMPLICIT_RETAIN_SELF = YES;
				CLANG_WARN_OBJC_LITERAL_CONVERSION = YES;
				CLANG_WARN_OBJC_ROOT_CLASS = YES_ERROR;
				CLANG_WARN_QUOTED_INCLUDE_IN_FRAMEWORK_HEADER = YES;
				CLANG_WARN_RANGE_LOOP_ANALYSIS = YES;
				CLANG_WARN_STRICT_PROTOTYPES = YES;
				CLANG_WARN_SUSPICIOUS_MOVE = YES;
				CLANG_WARN_UNGUARDED_AVAILABILITY = YES_AGGRESSIVE;
				CLANG_WARN_UNREACHABLE_CODE = YES;
				CLANG_WARN__DUPLICATE_METHOD_MATCH = YES;
				COPY_PHASE_STRIP = NO;
				DEBUG_INFORMATION_FORMAT = "dwarf-with-dsym";
				ENABLE_NS_ASSERTIONS = NO;
				ENABLE_STRICT_OBJC_MSGSEND = YES;
				GCC_C_LANGUAGE_STANDARD = gnu11;
				GCC_NO_COMMON_BLOCKS = YES;
				GCC_WARN_64_TO_32_BIT_CONVERSION = YES;
				GCC_WARN_ABOUT_RETURN_TYPE = YES_ERROR;
				GCC_WARN_UNDECLARED_SELECTOR = YES;
				GCC_WARN_UNINITIALIZED_AUTOS = YES_AGGRESSIVE;
				GCC_WARN_UNUSED_FUNCTION = YES;
				GCC_WARN_UNUSED_VARIABLE = YES;
				IPHONEOS_DEPLOYMENT_TARGET = 14.5;
				MTL_ENABLE_DEBUG_INFO = NO;
				MTL_FAST_MATH = YES;
				SDKROOT = iphoneos;
				SWIFT_COMPILATION_MODE = wholemodule;
				SWIFT_OPTIMIZATION_LEVEL = "-O";
				VALIDATE_PRODUCT = YES;
			};
			name = Release;
		};
		6F6EC67526CC2A8F006D096E /* Debug */ = {
			isa = XCBuildConfiguration;
			buildSettings = {
				ASSETCATALOG_COMPILER_APPICON_NAME = AppIcon;
				ASSETCATALOG_COMPILER_GLOBAL_ACCENT_COLOR_NAME = AccentColor;
				CODE_SIGN_STYLE = Automatic;
				DEVELOPMENT_TEAM = 5J8KA3S6BQ;
				INFOPLIST_FILE = iCloudsWeather/Info.plist;
				LD_RUNPATH_SEARCH_PATHS = (
					"$(inherited)",
					"@executable_path/Frameworks",
				);
				PRODUCT_BUNDLE_IDENTIFIER = com.btwittstushar.iCloudsWeather;
				PRODUCT_NAME = "$(TARGET_NAME)";
				SWIFT_VERSION = 5.0;
				TARGETED_DEVICE_FAMILY = "1,2";
			};
			name = Debug;
		};
		6F6EC67626CC2A8F006D096E /* Release */ = {
			isa = XCBuildConfiguration;
			buildSettings = {
				ASSETCATALOG_COMPILER_APPICON_NAME = AppIcon;
				ASSETCATALOG_COMPILER_GLOBAL_ACCENT_COLOR_NAME = AccentColor;
				CODE_SIGN_STYLE = Automatic;
				DEVELOPMENT_TEAM = 5J8KA3S6BQ;
				INFOPLIST_FILE = iCloudsWeather/Info.plist;
				LD_RUNPATH_SEARCH_PATHS = (
					"$(inherited)",
					"@executable_path/Frameworks",
				);
				PRODUCT_BUNDLE_IDENTIFIER = com.btwittstushar.iCloudsWeather;
				PRODUCT_NAME = "$(TARGET_NAME)";
				SWIFT_VERSION = 5.0;
				TARGETED_DEVICE_FAMILY = "1,2";
			};
			name = Release;
		};
/* End XCBuildConfiguration section */

/* Begin XCConfigurationList section */
		6F6EC65B26CC2A8A006D096E /* Build configuration list for PBXProject "iCloudsWeather" */ = {
			isa = XCConfigurationList;
			buildConfigurations = (
				6F6EC67226CC2A8F006D096E /* Debug */,
				6F6EC67326CC2A8F006D096E /* Release */,
			);
			defaultConfigurationIsVisible = 0;
			defaultConfigurationName = Release;
		};
		6F6EC67426CC2A8F006D096E /* Build configuration list for PBXNativeTarget "iCloudsWeather" */ = {
			isa = XCConfigurationList;
			buildConfigurations = (
				6F6EC67526CC2A8F006D096E /* Debug */,
				6F6EC67626CC2A8F006D096E /* Release */,
			);
			defaultConfigurationIsVisible = 0;
			defaultConfigurationName = Release;
		};
/* End XCConfigurationList section */
	};
	rootObject = 6F6EC65826CC2A8A006D096E /* Project object */;
}
